// !$*UTF8*$!
{
	archiveVersion = 1;
	classes = {
	};
	objectVersion = 55;
	objects = {

/* Begin PBXBuildFile section */
		63850F50292065F7004458C3 /* AppDelegate.swift in Sources */ = {isa = PBXBuildFile; fileRef = 63850F4F292065F7004458C3 /* AppDelegate.swift */; };
		63850F52292065F7004458C3 /* SceneDelegate.swift in Sources */ = {isa = PBXBuildFile; fileRef = 63850F51292065F7004458C3 /* SceneDelegate.swift */; };
		63850F54292065F7004458C3 /* ViewController.swift in Sources */ = {isa = PBXBuildFile; fileRef = 63850F53292065F7004458C3 /* ViewController.swift */; };
		63850F57292065F7004458C3 /* Main.storyboard in Resources */ = {isa = PBXBuildFile; fileRef = 63850F55292065F7004458C3 /* Main.storyboard */; };
		63850F5929206601004458C3 /* Assets.xcassets in Resources */ = {isa = PBXBuildFile; fileRef = 63850F5829206601004458C3 /* Assets.xcassets */; };
		63850F5C29206601004458C3 /* LaunchScreen.storyboard in Resources */ = {isa = PBXBuildFile; fileRef = 63850F5A29206601004458C3 /* LaunchScreen.storyboard */; };
		63850F69292066DE004458C3 /* Weather.swift in Sources */ = {isa = PBXBuildFile; fileRef = 63850F68292066DE004458C3 /* Weather.swift */; };
		63850F6C292120D7004458C3 /* WebService.swift in Sources */ = {isa = PBXBuildFile; fileRef = 63850F6B292120D7004458C3 /* WebService.swift */; };
		63850F6F292121E6004458C3 /* Constants.swift in Sources */ = {isa = PBXBuildFile; fileRef = 63850F6E292121E6004458C3 /* Constants.swift */; };
/* End PBXBuildFile section */

/* Begin PBXFileReference section */
		63850F4C292065F7004458C3 /* WeatherCombineApp.app */ = {isa = PBXFileReference; explicitFileType = wrapper.application; includeInIndex = 0; path = WeatherCombineApp.app; sourceTree = BUILT_PRODUCTS_DIR; };
		63850F4F292065F7004458C3 /* AppDelegate.swift */ = {isa = PBXFileReference; lastKnownFileType = sourcecode.swift; path = AppDelegate.swift; sourceTree = "<group>"; };
		63850F51292065F7004458C3 /* SceneDelegate.swift */ = {isa = PBXFileReference; lastKnownFileType = sourcecode.swift; path = SceneDelegate.swift; sourceTree = "<group>"; };
		63850F53292065F7004458C3 /* ViewController.swift */ = {isa = PBXFileReference; lastKnownFileType = sourcecode.swift; path = ViewController.swift; sourceTree = "<group>"; };
		63850F56292065F7004458C3 /* Base */ = {isa = PBXFileReference; lastKnownFileType = file.storyboard; name = Base; path = Base.lproj/Main.storyboard; sourceTree = "<group>"; };
		63850F5829206601004458C3 /* Assets.xcassets */ = {isa = PBXFileReference; lastKnownFileType = folder.assetcatalog; path = Assets.xcassets; sourceTree = "<group>"; };
		63850F5B29206601004458C3 /* Base */ = {isa = PBXFileReference; lastKnownFileType = file.storyboard; name = Base; path = Base.lproj/LaunchScreen.storyboard; sourceTree = "<group>"; };
		63850F5D29206601004458C3 /* Info.plist */ = {isa = PBXFileReference; lastKnownFileType = text.plist.xml; path = Info.plist; sourceTree = "<group>"; };
		63850F68292066DE004458C3 /* Weather.swift */ = {isa = PBXFileReference; lastKnownFileType = sourcecode.swift; path = Weather.swift; sourceTree = "<group>"; };
		63850F6B292120D7004458C3 /* WebService.swift */ = {isa = PBXFileReference; lastKnownFileType = sourcecode.swift; path = WebService.swift; sourceTree = "<group>"; };
		63850F6E292121E6004458C3 /* Constants.swift */ = {isa = PBXFileReference; lastKnownFileType = sourcecode.swift; path = Constants.swift; sourceTree = "<group>"; };
/* End PBXFileReference section */

/* Begin PBXFrameworksBuildPhase section */
		63850F49292065F7004458C3 /* Frameworks */ = {
			isa = PBXFrameworksBuildPhase;
			buildActionMask = 2147483647;
			files = (
			);
			runOnlyForDeploymentPostprocessing = 0;
		};
/* End PBXFrameworksBuildPhase section */

/* Begin PBXGroup section */
		63850F43292065F7004458C3 = {
			isa = PBXGroup;
			children = (
				63850F4E292065F7004458C3 /* WeatherCombineApp */,
				63850F4D292065F7004458C3 /* Products */,
			);
			sourceTree = "<group>";
		};
		63850F4D292065F7004458C3 /* Products */ = {
			isa = PBXGroup;
			children = (
				63850F4C292065F7004458C3 /* WeatherCombineApp.app */,
			);
			name = Products;
			sourceTree = "<group>";
		};
		63850F4E292065F7004458C3 /* WeatherCombineApp */ = {
			isa = PBXGroup;
			children = (
				63850F5D29206601004458C3 /* Info.plist */,
				63850F6529206662004458C3 /* App Level */,
				63850F6D292121B0004458C3 /* Utilities */,
				63850F6A292120AC004458C3 /* Services */,
				63850F67292066AB004458C3 /* Models */,
				63850F6429206655004458C3 /* Controllers */,
				63850F6329206647004458C3 /* Storyboards */,
				63850F6629206675004458C3 /* Resources */,
			);
			path = WeatherCombineApp;
			sourceTree = "<group>";
		};
		63850F6329206647004458C3 /* Storyboards */ = {
			isa = PBXGroup;
			children = (
				63850F55292065F7004458C3 /* Main.storyboard */,
				63850F5A29206601004458C3 /* LaunchScreen.storyboard */,
			);
			path = Storyboards;
			sourceTree = "<group>";
		};
		63850F6429206655004458C3 /* Controllers */ = {
			isa = PBXGroup;
			children = (
				63850F53292065F7004458C3 /* ViewController.swift */,
			);
			path = Controllers;
			sourceTree = "<group>";
		};
		63850F6529206662004458C3 /* App Level */ = {
			isa = PBXGroup;
			children = (
				63850F4F292065F7004458C3 /* AppDelegate.swift */,
				63850F51292065F7004458C3 /* SceneDelegate.swift */,
			);
			path = "App Level";
			sourceTree = "<group>";
		};
		63850F6629206675004458C3 /* Resources */ = {
			isa = PBXGroup;
			children = (
				63850F5829206601004458C3 /* Assets.xcassets */,
			);
			path = Resources;
			sourceTree = "<group>";
		};
		63850F67292066AB004458C3 /* Models */ = {
			isa = PBXGroup;
			children = (
				63850F68292066DE004458C3 /* Weather.swift */,
			);
			path = Models;
			sourceTree = "<group>";
		};
		63850F6A292120AC004458C3 /* Services */ = {
			isa = PBXGroup;
			children = (
				63850F6B292120D7004458C3 /* WebService.swift */,
			);
			path = Services;
			sourceTree = "<group>";
		};
		63850F6D292121B0004458C3 /* Utilities */ = {
			isa = PBXGroup;
			children = (
				63850F6E292121E6004458C3 /* Constants.swift */,
			);
			path = Utilities;
			sourceTree = "<group>";
		};
/* End PBXGroup section */

/* Begin PBXNativeTarget section */
		63850F4B292065F7004458C3 /* WeatherCombineApp */ = {
			isa = PBXNativeTarget;
			buildConfigurationList = 63850F6029206601004458C3 /* Build configuration list for PBXNativeTarget "WeatherCombineApp" */;
			buildPhases = (
				63850F48292065F7004458C3 /* Sources */,
				63850F49292065F7004458C3 /* Frameworks */,
				63850F4A292065F7004458C3 /* Resources */,
			);
			buildRules = (
			);
			dependencies = (
			);
			name = WeatherCombineApp;
			productName = WeatherCombineApp;
			productReference = 63850F4C292065F7004458C3 /* WeatherCombineApp.app */;
			productType = "com.apple.product-type.application";
		};
/* End PBXNativeTarget section */

/* Begin PBXProject section */
		63850F44292065F7004458C3 /* Project object */ = {
			isa = PBXProject;
			attributes = {
				BuildIndependentTargetsInParallel = 1;
				LastSwiftUpdateCheck = 1320;
				LastUpgradeCheck = 1320;
				TargetAttributes = {
					63850F4B292065F7004458C3 = {
						CreatedOnToolsVersion = 13.2.1;
					};
				};
			};
			buildConfigurationList = 63850F47292065F7004458C3 /* Build configuration list for PBXProject "WeatherCombineApp" */;
			compatibilityVersion = "Xcode 13.0";
			developmentRegion = en;
			hasScannedForEncodings = 0;
			knownRegions = (
				en,
				Base,
			);
			mainGroup = 63850F43292065F7004458C3;
			productRefGroup = 63850F4D292065F7004458C3 /* Products */;
			projectDirPath = "";
			projectRoot = "";
			targets = (
				63850F4B292065F7004458C3 /* WeatherCombineApp */,
			);
		};
/* End PBXProject section */

/* Begin PBXResourcesBuildPhase section */
		63850F4A292065F7004458C3 /* Resources */ = {
			isa = PBXResourcesBuildPhase;
			buildActionMask = 2147483647;
			files = (
				63850F5C29206601004458C3 /* LaunchScreen.storyboard in Resources */,
				63850F5929206601004458C3 /* Assets.xcassets in Resources */,
				63850F57292065F7004458C3 /* Main.storyboard in Resources */,
			);
			runOnlyForDeploymentPostprocessing = 0;
		};
/* End PBXResourcesBuildPhase section */

/* Begin PBXSourcesBuildPhase section */
		63850F48292065F7004458C3 /* Sources */ = {
			isa = PBXSourcesBuildPhase;
			buildActionMask = 2147483647;
			files = (
				63850F54292065F7004458C3 /* ViewController.swift in Sources */,
				63850F50292065F7004458C3 /* AppDelegate.swift in Sources */,
				63850F69292066DE004458C3 /* Weather.swift in Sources */,
				63850F6C292120D7004458C3 /* WebService.swift in Sources */,
				63850F52292065F7004458C3 /* SceneDelegate.swift in Sources */,
				63850F6F292121E6004458C3 /* Constants.swift in Sources */,
			);
			runOnlyForDeploymentPostprocessing = 0;
		};
/* End PBXSourcesBuildPhase section */

/* Begin PBXVariantGroup section */
		63850F55292065F7004458C3 /* Main.storyboard */ = {
			isa = PBXVariantGroup;
			children = (
				63850F56292065F7004458C3 /* Base */,
			);
			name = Main.storyboard;
			sourceTree = "<group>";
		};
		63850F5A29206601004458C3 /* LaunchScreen.storyboard */ = {
			isa = PBXVariantGroup;
			children = (
				63850F5B29206601004458C3 /* Base */,
			);
			name = LaunchScreen.storyboard;
			sourceTree = "<group>";
		};
/* End PBXVariantGroup section */

/* Begin XCBuildConfiguration section */
		63850F5E29206601004458C3 /* Debug */ = {
			isa = XCBuildConfiguration;
			buildSettings = {
				ALWAYS_SEARCH_USER_PATHS = NO;
				CLANG_ANALYZER_NONNULL = YES;
				CLANG_ANALYZER_NUMBER_OBJECT_CONVERSION = YES_AGGRESSIVE;
				CLANG_CXX_LANGUAGE_STANDARD = "gnu++17";
				CLANG_CXX_LIBRARY = "libc++";
				CLANG_ENABLE_MODULES = YES;
				CLANG_ENABLE_OBJC_ARC = YES;
				CLANG_ENABLE_OBJC_WEAK = YES;
				CLANG_WARN_BLOCK_CAPTURE_AUTORELEASING = YES;
				CLANG_WARN_BOOL_CONVERSION = YES;
				CLANG_WARN_COMMA = YES;
				CLANG_WARN_CONSTANT_CONVERSION = YES;
				CLANG_WARN_DEPRECATED_OBJC_IMPLEMENTATIONS = YES;
				CLANG_WARN_DIRECT_OBJC_ISA_USAGE = YES_ERROR;
				CLANG_WARN_DOCUMENTATION_COMMENTS = YES;
				CLANG_WARN_EMPTY_BODY = YES;
				CLANG_WARN_ENUM_CONVERSION = YES;
				CLANG_WARN_INFINITE_RECURSION = YES;
				CLANG_WARN_INT_CONVERSION = YES;
				CLANG_WARN_NON_LITERAL_NULL_CONVERSION = YES;
				CLANG_WARN_OBJC_IMPLICIT_RETAIN_SELF = YES;
				CLANG_WARN_OBJC_LITERAL_CONVERSION = YES;
				CLANG_WARN_OBJC_ROOT_CLASS = YES_ERROR;
				CLANG_WARN_QUOTED_INCLUDE_IN_FRAMEWORK_HEADER = YES;
				CLANG_WARN_RANGE_LOOP_ANALYSIS = YES;
				CLANG_WARN_STRICT_PROTOTYPES = YES;
				CLANG_WARN_SUSPICIOUS_MOVE = YES;
				CLANG_WARN_UNGUARDED_AVAILABILITY = YES_AGGRESSIVE;
				CLANG_WARN_UNREACHABLE_CODE = YES;
				CLANG_WARN__DUPLICATE_METHOD_MATCH = YES;
				COPY_PHASE_STRIP = NO;
				DEBUG_INFORMATION_FORMAT = dwarf;
				ENABLE_STRICT_OBJC_MSGSEND = YES;
				ENABLE_TESTABILITY = YES;
				GCC_C_LANGUAGE_STANDARD = gnu11;
				GCC_DYNAMIC_NO_PIC = NO;
				GCC_NO_COMMON_BLOCKS = YES;
				GCC_OPTIMIZATION_LEVEL = 0;
				GCC_PREPROCESSOR_DEFINITIONS = (
					"DEBUG=1",
					"$(inherited)",
				);
				GCC_WARN_64_TO_32_BIT_CONVERSION = YES;
				GCC_WARN_ABOUT_RETURN_TYPE = YES_ERROR;
				GCC_WARN_UNDECLARED_SELECTOR = YES;
				GCC_WARN_UNINITIALIZED_AUTOS = YES_AGGRESSIVE;
				GCC_WARN_UNUSED_FUNCTION = YES;
				GCC_WARN_UNUSED_VARIABLE = YES;
				IPHONEOS_DEPLOYMENT_TARGET = 15.2;
				MTL_ENABLE_DEBUG_INFO = INCLUDE_SOURCE;
				MTL_FAST_MATH = YES;
				ONLY_ACTIVE_ARCH = YES;
				SDKROOT = iphoneos;
				SWIFT_ACTIVE_COMPILATION_CONDITIONS = DEBUG;
				SWIFT_OPTIMIZATION_LEVEL = "-Onone";
			};
			name = Debug;
		};
		63850F5F29206601004458C3 /* Release */ = {
			isa = XCBuildConfiguration;
			buildSettings = {
				ALWAYS_SEARCH_USER_PATHS = NO;
				CLANG_ANALYZER_NONNULL = YES;
				CLANG_ANALYZER_NUMBER_OBJECT_CONVERSION = YES_AGGRESSIVE;
				CLANG_CXX_LANGUAGE_STANDARD = "gnu++17";
				CLANG_CXX_LIBRARY = "libc++";
				CLANG_ENABLE_MODULES = YES;
				CLANG_ENABLE_OBJC_ARC = YES;
				CLANG_ENABLE_OBJC_WEAK = YES;
				CLANG_WARN_BLOCK_CAPTURE_AUTORELEASING = YES;
				CLANG_WARN_BOOL_CONVERSION = YES;
				CLANG_WARN_COMMA = YES;
				CLANG_WARN_CONSTANT_CONVERSION = YES;
				CLANG_WARN_DEPRECATED_OBJC_IMPLEMENTATIONS = YES;
				CLANG_WARN_DIRECT_OBJC_ISA_USAGE = YES_ERROR;
				CLANG_WARN_DOCUMENTATION_COMMENTS = YES;
				CLANG_WARN_EMPTY_BODY = YES;
				CLANG_WARN_ENUM_CONVERSION = YES;
				CLANG_WARN_INFINITE_RECURSION = YES;
				CLANG_WARN_INT_CONVERSION = YES;
				CLANG_WARN_NON_LITERAL_NULL_CONVERSION = YES;
				CLANG_WARN_OBJC_IMPLICIT_RETAIN_SELF = YES;
				CLANG_WARN_OBJC_LITERAL_CONVERSION = YES;
				CLANG_WARN_OBJC_ROOT_CLASS = YES_ERROR;
				CLANG_WARN_QUOTED_INCLUDE_IN_FRAMEWORK_HEADER = YES;
				CLANG_WARN_RANGE_LOOP_ANALYSIS = YES;
				CLANG_WARN_STRICT_PROTOTYPES = YES;
				CLANG_WARN_SUSPICIOUS_MOVE = YES;
				CLANG_WARN_UNGUARDED_AVAILABILITY = YES_AGGRESSIVE;
				CLANG_WARN_UNREACHABLE_CODE = YES;
				CLANG_WARN__DUPLICATE_METHOD_MATCH = YES;
				COPY_PHASE_STRIP = NO;
				DEBUG_INFORMATION_FORMAT = "dwarf-with-dsym";
				ENABLE_NS_ASSERTIONS = NO;
				ENABLE_STRICT_OBJC_MSGSEND = YES;
				GCC_C_LANGUAGE_STANDARD = gnu11;
				GCC_NO_COMMON_BLOCKS = YES;
				GCC_WARN_64_TO_32_BIT_CONVERSION = YES;
				GCC_WARN_ABOUT_RETURN_TYPE = YES_ERROR;
				GCC_WARN_UNDECLARED_SELECTOR = YES;
				GCC_WARN_UNINITIALIZED_AUTOS = YES_AGGRESSIVE;
				GCC_WARN_UNUSED_FUNCTION = YES;
				GCC_WARN_UNUSED_VARIABLE = YES;
				IPHONEOS_DEPLOYMENT_TARGET = 15.2;
				MTL_ENABLE_DEBUG_INFO = NO;
				MTL_FAST_MATH = YES;
				SDKROOT = iphoneos;
				SWIFT_COMPILATION_MODE = wholemodule;
				SWIFT_OPTIMIZATION_LEVEL = "-O";
				VALIDATE_PRODUCT = YES;
			};
			name = Release;
		};
		63850F6129206601004458C3 /* Debug */ = {
			isa = XCBuildConfiguration;
			buildSettings = {
				ASSETCATALOG_COMPILER_APPICON_NAME = AppIcon;
				ASSETCATALOG_COMPILER_GLOBAL_ACCENT_COLOR_NAME = AccentColor;
				CODE_SIGN_STYLE = Automatic;
				CURRENT_PROJECT_VERSION = 1;
				DEVELOPMENT_TEAM = K7P4RU7LF4;
				GENERATE_INFOPLIST_FILE = YES;
				INFOPLIST_FILE = WeatherCombineApp/Info.plist;
				INFOPLIST_KEY_UIApplicationSupportsIndirectInputEvents = YES;
				INFOPLIST_KEY_UILaunchStoryboardName = LaunchScreen;
				INFOPLIST_KEY_UIMainStoryboardFile = Main;
				INFOPLIST_KEY_UISupportedInterfaceOrientations_iPad = "UIInterfaceOrientationPortrait UIInterfaceOrientationPortraitUpsideDown UIInterfaceOrientationLandscapeLeft UIInterfaceOrientationLandscapeRight";
				INFOPLIST_KEY_UISupportedInterfaceOrientations_iPhone = "UIInterfaceOrientationPortrait UIInterfaceOrientationLandscapeLeft UIInterfaceOrientationLandscapeRight";
				LD_RUNPATH_SEARCH_PATHS = (
					"$(inherited)",
					"@executable_path/Frameworks",
				);
				MARKETING_VERSION = 1.0;
				PRODUCT_BUNDLE_IDENTIFIER = net.paulmax.WeatherCombineApp;
				PRODUCT_NAME = "$(TARGET_NAME)";
				SWIFT_EMIT_LOC_STRINGS = YES;
				SWIFT_VERSION = 5.0;
				TARGETED_DEVICE_FAMILY = "1,2";
			};
			name = Debug;
		};
		63850F6229206601004458C3 /* Release */ = {
			isa = XCBuildConfiguration;
			buildSettings = {
				ASSETCATALOG_COMPILER_APPICON_NAME = AppIcon;
				ASSETCATALOG_COMPILER_GLOBAL_ACCENT_COLOR_NAME = AccentColor;
				CODE_SIGN_STYLE = Automatic;
				CURRENT_PROJECT_VERSION = 1;
				DEVELOPMENT_TEAM = K7P4RU7LF4;
				GENERATE_INFOPLIST_FILE = YES;
				INFOPLIST_FILE = WeatherCombineApp/Info.plist;
				INFOPLIST_KEY_UIApplicationSupportsIndirectInputEvents = YES;
				INFOPLIST_KEY_UILaunchStoryboardName = LaunchScreen;
				INFOPLIST_KEY_UIMainStoryboardFile = Main;
				INFOPLIST_KEY_UISupportedInterfaceOrientations_iPad = "UIInterfaceOrientationPortrait UIInterfaceOrientationPortraitUpsideDown UIInterfaceOrientationLandscapeLeft UIInterfaceOrientationLandscapeRight";
				INFOPLIST_KEY_UISupportedInterfaceOrientations_iPhone = "UIInterfaceOrientationPortrait UIInterfaceOrientationLandscapeLeft UIInterfaceOrientationLandscapeRight";
				LD_RUNPATH_SEARCH_PATHS = (
					"$(inherited)",
					"@executable_path/Frameworks",
				);
				MARKETING_VERSION = 1.0;
				PRODUCT_BUNDLE_IDENTIFIER = net.paulmax.WeatherCombineApp;
				PRODUCT_NAME = "$(TARGET_NAME)";
				SWIFT_EMIT_LOC_STRINGS = YES;
				SWIFT_VERSION = 5.0;
				TARGETED_DEVICE_FAMILY = "1,2";
			};
			name = Release;
		};
/* End XCBuildConfiguration section */

/* Begin XCConfigurationList section */
		63850F47292065F7004458C3 /* Build configuration list for PBXProject "WeatherCombineApp" */ = {
			isa = XCConfigurationList;
			buildConfigurations = (
				63850F5E29206601004458C3 /* Debug */,
				63850F5F29206601004458C3 /* Release */,
			);
			defaultConfigurationIsVisible = 0;
			defaultConfigurationName = Release;
		};
		63850F6029206601004458C3 /* Build configuration list for PBXNativeTarget "WeatherCombineApp" */ = {
			isa = XCConfigurationList;
			buildConfigurations = (
				63850F6129206601004458C3 /* Debug */,
				63850F6229206601004458C3 /* Release */,
			);
			defaultConfigurationIsVisible = 0;
			defaultConfigurationName = Release;
		};
/* End XCConfigurationList section */
	};
	rootObject = 63850F44292065F7004458C3 /* Project object */;
}
